
Microsoft Visual Studio Solution File, Format Version 12.00
# Visual Studio Version 17
VisualStudioVersion = 17.6.33712.159
MinimumVisualStudioVersion = 10.0.40219.1
Project("{FAE04EC0-301F-11D3-BF4B-00C04F79EFBC}") = "QLBH_HDRadio", "QLBH_HDRadio\QLBH_HDRadio.csproj", "{4D68500D-7605-4052-A484-B638A1B41EBC}"
EndProject
Global
	GlobalSection(SolutionConfigurationPlatforms) = preSolution
		Debug|Any CPU = Debug|Any CPU
		Release|Any CPU = Release|Any CPU
	EndGlobalSection
	GlobalSection(ProjectConfigurationPlatforms) = postSolution
		{4D68500D-7605-4052-A484-B638A1B41EBC}.Debug|Any CPU.ActiveCfg = Debug|Any CPU
		{4D68500D-7605-4052-A484-B638A1B41EBC}.Debug|Any CPU.Build.0 = Debug|Any CPU
		{4D68500D-7605-4052-A484-B638A1B41EBC}.Release|Any CPU.ActiveCfg = Release|Any CPU
		{4D68500D-7605-4052-A484-B638A1B41EBC}.Release|Any CPU.Build.0 = Release|Any CPU
	EndGlobalSection
	GlobalSection(SolutionProperties) = preSolution
		HideSolutionNode = FALSE
	EndGlobalSection
	GlobalSection(ExtensibilityGlobals) = postSolution
		SolutionGuid = {9B8E25E1-106F-497C-9991-0FA2DC4B76DC}
	EndGlobalSection
EndGlobal
